// !$*UTF8*$!
{
	archiveVersion = 1;
	classes = {
	};
	objectVersion = 46;
	objects = {

/* Begin PBXBuildFile section */
		45055EDF1A71089B00E82AD5 /* AppDelegate.m in Sources */ = {isa = PBXBuildFile; fileRef = 45055EDE1A71089B00E82AD5 /* AppDelegate.m */; };
		45055EE11A71089B00E82AD5 /* main.m in Sources */ = {isa = PBXBuildFile; fileRef = 45055EE01A71089B00E82AD5 /* main.m */; };
		45055EE41A71089B00E82AD5 /* ViewController.m in Sources */ = {isa = PBXBuildFile; fileRef = 45055EE31A71089B00E82AD5 /* ViewController.m */; };
		45055EE61A71089B00E82AD5 /* Images.xcassets in Resources */ = {isa = PBXBuildFile; fileRef = 45055EE51A71089B00E82AD5 /* Images.xcassets */; };
		45055EE91A71089B00E82AD5 /* Main.storyboard in Resources */ = {isa = PBXBuildFile; fileRef = 45055EE71A71089B00E82AD5 /* Main.storyboard */; };
		45055EF51A71089B00E82AD5 /* BoyceRSSTests.m in Sources */ = {isa = PBXBuildFile; fileRef = 45055EF41A71089B00E82AD5 /* BoyceRSSTests.m */; };
/* End PBXBuildFile section */

/* Begin PBXContainerItemProxy section */
		45055EEF1A71089B00E82AD5 /* PBXContainerItemProxy */ = {
			isa = PBXContainerItemProxy;
			containerPortal = 45055ED01A71089B00E82AD5 /* Project object */;
			proxyType = 1;
			remoteGlobalIDString = 45055ED71A71089B00E82AD5;
			remoteInfo = BoyceRSS;
		};
/* End PBXContainerItemProxy section */

/* Begin PBXFileReference section */
		45055ED81A71089B00E82AD5 /* BoyceRSS.app */ = {isa = PBXFileReference; explicitFileType = wrapper.application; includeInIndex = 0; path = BoyceRSS.app; sourceTree = BUILT_PRODUCTS_DIR; };
		45055EDC1A71089B00E82AD5 /* Info.plist */ = {isa = PBXFileReference; lastKnownFileType = text.plist.xml; path = Info.plist; sourceTree = "<group>"; };
		45055EDD1A71089B00E82AD5 /* AppDelegate.h */ = {isa = PBXFileReference; lastKnownFileType = sourcecode.c.h; path = AppDelegate.h; sourceTree = "<group>"; };
		45055EDE1A71089B00E82AD5 /* AppDelegate.m */ = {isa = PBXFileReference; lastKnownFileType = sourcecode.c.objc; path = AppDelegate.m; sourceTree = "<group>"; };
		45055EE01A71089B00E82AD5 /* main.m */ = {isa = PBXFileReference; lastKnownFileType = sourcecode.c.objc; path = main.m; sourceTree = "<group>"; };
		45055EE21A71089B00E82AD5 /* ViewController.h */ = {isa = PBXFileReference; lastKnownFileType = sourcecode.c.h; path = ViewController.h; sourceTree = "<group>"; };
		45055EE31A71089B00E82AD5 /* ViewController.m */ = {isa = PBXFileReference; lastKnownFileType = sourcecode.c.objc; path = ViewController.m; sourceTree = "<group>"; };
		45055EE51A71089B00E82AD5 /* Images.xcassets */ = {isa = PBXFileReference; lastKnownFileType = folder.assetcatalog; path = Images.xcassets; sourceTree = "<group>"; };
		45055EE81A71089B00E82AD5 /* Base */ = {isa = PBXFileReference; lastKnownFileType = file.storyboard; name = Base; path = Base.lproj/Main.storyboard; sourceTree = "<group>"; };
		45055EEE1A71089B00E82AD5 /* BoyceRSSTests.xctest */ = {isa = PBXFileReference; explicitFileType = wrapper.cfbundle; includeInIndex = 0; path = BoyceRSSTests.xctest; sourceTree = BUILT_PRODUCTS_DIR; };
		45055EF31A71089B00E82AD5 /* Info.plist */ = {isa = PBXFileReference; lastKnownFileType = text.plist.xml; path = Info.plist; sourceTree = "<group>"; };
		45055EF41A71089B00E82AD5 /* BoyceRSSTests.m */ = {isa = PBXFileReference; lastKnownFileType = sourcecode.c.objc; path = BoyceRSSTests.m; sourceTree = "<group>"; };
/* End PBXFileReference section */

/* Begin PBXFrameworksBuildPhase section */
		45055ED51A71089B00E82AD5 /* Frameworks */ = {
			isa = PBXFrameworksBuildPhase;
			buildActionMask = 2147483647;
			files = (
			);
			runOnlyForDeploymentPostprocessing = 0;
		};
		45055EEB1A71089B00E82AD5 /* Frameworks */ = {
			isa = PBXFrameworksBuildPhase;
			buildActionMask = 2147483647;
			files = (
			);
			runOnlyForDeploymentPostprocessing = 0;
		};
/* End PBXFrameworksBuildPhase section */

/* Begin PBXGroup section */
		45055ECF1A71089B00E82AD5 = {
			isa = PBXGroup;
			children = (
				45055EDA1A71089B00E82AD5 /* BoyceRSS */,
				45055EF11A71089B00E82AD5 /* BoyceRSSTests */,
				45055ED91A71089B00E82AD5 /* Products */,
			);
			sourceTree = "<group>";
		};
		45055ED91A71089B00E82AD5 /* Products */ = {
			isa = PBXGroup;
			children = (
				45055ED81A71089B00E82AD5 /* BoyceRSS.app */,
				45055EEE1A71089B00E82AD5 /* BoyceRSSTests.xctest */,
			);
			name = Products;
			sourceTree = "<group>";
		};
		45055EDA1A71089B00E82AD5 /* BoyceRSS */ = {
			isa = PBXGroup;
			children = (
				45055EDD1A71089B00E82AD5 /* AppDelegate.h */,
				45055EDE1A71089B00E82AD5 /* AppDelegate.m */,
				45055EE21A71089B00E82AD5 /* ViewController.h */,
				45055EE31A71089B00E82AD5 /* ViewController.m */,
				45055EE51A71089B00E82AD5 /* Images.xcassets */,
				45055EE71A71089B00E82AD5 /* Main.storyboard */,
				45055EDB1A71089B00E82AD5 /* Supporting Files */,
			);
			path = BoyceRSS;
			sourceTree = "<group>";
		};
		45055EDB1A71089B00E82AD5 /* Supporting Files */ = {
			isa = PBXGroup;
			children = (
				45055EDC1A71089B00E82AD5 /* Info.plist */,
				45055EE01A71089B00E82AD5 /* main.m */,
			);
			name = "Supporting Files";
			sourceTree = "<group>";
		};
		45055EF11A71089B00E82AD5 /* BoyceRSSTests */ = {
			isa = PBXGroup;
			children = (
				45055EF41A71089B00E82AD5 /* BoyceRSSTests.m */,
				45055EF21A71089B00E82AD5 /* Supporting Files */,
			);
			path = BoyceRSSTests;
			sourceTree = "<group>";
		};
		45055EF21A71089B00E82AD5 /* Supporting Files */ = {
			isa = PBXGroup;
			children = (
				45055EF31A71089B00E82AD5 /* Info.plist */,
			);
			name = "Supporting Files";
			sourceTree = "<group>";
		};
/* End PBXGroup section */

/* Begin PBXNativeTarget section */
		45055ED71A71089B00E82AD5 /* BoyceRSS */ = {
			isa = PBXNativeTarget;
			buildConfigurationList = 45055EF81A71089B00E82AD5 /* Build configuration list for PBXNativeTarget "BoyceRSS" */;
			buildPhases = (
				45055ED41A71089B00E82AD5 /* Sources */,
				45055ED51A71089B00E82AD5 /* Frameworks */,
				45055ED61A71089B00E82AD5 /* Resources */,
			);
			buildRules = (
			);
			dependencies = (
			);
			name = BoyceRSS;
			productName = BoyceRSS;
			productReference = 45055ED81A71089B00E82AD5 /* BoyceRSS.app */;
			productType = "com.apple.product-type.application";
		};
		45055EED1A71089B00E82AD5 /* BoyceRSSTests */ = {
			isa = PBXNativeTarget;
			buildConfigurationList = 45055EFB1A71089B00E82AD5 /* Build configuration list for PBXNativeTarget "BoyceRSSTests" */;
			buildPhases = (
				45055EEA1A71089B00E82AD5 /* Sources */,
				45055EEB1A71089B00E82AD5 /* Frameworks */,
				45055EEC1A71089B00E82AD5 /* Resources */,
			);
			buildRules = (
			);
			dependencies = (
				45055EF01A71089B00E82AD5 /* PBXTargetDependency */,
			);
			name = BoyceRSSTests;
			productName = BoyceRSSTests;
			productReference = 45055EEE1A71089B00E82AD5 /* BoyceRSSTests.xctest */;
			productType = "com.apple.product-type.bundle.unit-test";
		};
/* End PBXNativeTarget section */

/* Begin PBXProject section */
		45055ED01A71089B00E82AD5 /* Project object */ = {
			isa = PBXProject;
			attributes = {
				LastUpgradeCheck = 0610;
				ORGANIZATIONNAME = boyce;
				TargetAttributes = {
					45055ED71A71089B00E82AD5 = {
						CreatedOnToolsVersion = 6.1;
					};
					45055EED1A71089B00E82AD5 = {
						CreatedOnToolsVersion = 6.1;
						TestTargetID = 45055ED71A71089B00E82AD5;
					};
				};
			};
			buildConfigurationList = 45055ED31A71089B00E82AD5 /* Build configuration list for PBXProject "BoyceRSS" */;
			compatibilityVersion = "Xcode 3.2";
			developmentRegion = English;
			hasScannedForEncodings = 0;
			knownRegions = (
				en,
				Base,
			);
			mainGroup = 45055ECF1A71089B00E82AD5;
			productRefGroup = 45055ED91A71089B00E82AD5 /* Products */;
			projectDirPath = "";
			projectRoot = "";
			targets = (
				45055ED71A71089B00E82AD5 /* BoyceRSS */,
				45055EED1A71089B00E82AD5 /* BoyceRSSTests */,
			);
		};
/* End PBXProject section */

/* Begin PBXResourcesBuildPhase section */
		45055ED61A71089B00E82AD5 /* Resources */ = {
			isa = PBXResourcesBuildPhase;
			buildActionMask = 2147483647;
			files = (
				45055EE61A71089B00E82AD5 /* Images.xcassets in Resources */,
				45055EE91A71089B00E82AD5 /* Main.storyboard in Resources */,
			);
			runOnlyForDeploymentPostprocessing = 0;
		};
		45055EEC1A71089B00E82AD5 /* Resources */ = {
			isa = PBXResourcesBuildPhase;
			buildActionMask = 2147483647;
			files = (
			);
			runOnlyForDeploymentPostprocessing = 0;
		};
/* End PBXResourcesBuildPhase section */

/* Begin PBXSourcesBuildPhase section */
		45055ED41A71089B00E82AD5 /* Sources */ = {
			isa = PBXSourcesBuildPhase;
			buildActionMask = 2147483647;
			files = (
				45055EE41A71089B00E82AD5 /* ViewController.m in Sources */,
				45055EE11A71089B00E82AD5 /* main.m in Sources */,
				45055EDF1A71089B00E82AD5 /* AppDelegate.m in Sources */,
			);
			runOnlyForDeploymentPostprocessing = 0;
		};
		45055EEA1A71089B00E82AD5 /* Sources */ = {
			isa = PBXSourcesBuildPhase;
			buildActionMask = 2147483647;
			files = (
				45055EF51A71089B00E82AD5 /* BoyceRSSTests.m in Sources */,
			);
			runOnlyForDeploymentPostprocessing = 0;
		};
/* End PBXSourcesBuildPhase section */

/* Begin PBXTargetDependency section */
		45055EF01A71089B00E82AD5 /* PBXTargetDependency */ = {
			isa = PBXTargetDependency;
			target = 45055ED71A71089B00E82AD5 /* BoyceRSS */;
			targetProxy = 45055EEF1A71089B00E82AD5 /* PBXContainerItemProxy */;
		};
/* End PBXTargetDependency section */

/* Begin PBXVariantGroup section */
		45055EE71A71089B00E82AD5 /* Main.storyboard */ = {
			isa = PBXVariantGroup;
			children = (
				45055EE81A71089B00E82AD5 /* Base */,
			);
			name = Main.storyboard;
			sourceTree = "<group>";
		};
/* End PBXVariantGroup section */

/* Begin XCBuildConfiguration section */
		45055EF61A71089B00E82AD5 /* Debug */ = {
			isa = XCBuildConfiguration;
			buildSettings = {
				ALWAYS_SEARCH_USER_PATHS = NO;
				CLANG_CXX_LANGUAGE_STANDARD = "gnu++0x";
				CLANG_CXX_LIBRARY = "libc++";
				CLANG_ENABLE_MODULES = YES;
				CLANG_ENABLE_OBJC_ARC = YES;
				CLANG_WARN_BOOL_CONVERSION = YES;
				CLANG_WARN_CONSTANT_CONVERSION = YES;
				CLANG_WARN_DIRECT_OBJC_ISA_USAGE = YES_ERROR;
				CLANG_WARN_EMPTY_BODY = YES;
				CLANG_WARN_ENUM_CONVERSION = YES;
				CLANG_WARN_INT_CONVERSION = YES;
				CLANG_WARN_OBJC_ROOT_CLASS = YES_ERROR;
				CLANG_WARN_UNREACHABLE_CODE = YES;
				CLANG_WARN__DUPLICATE_METHOD_MATCH = YES;
				CODE_SIGN_IDENTITY = "-";
				COPY_PHASE_STRIP = NO;
				ENABLE_STRICT_OBJC_MSGSEND = YES;
				GCC_C_LANGUAGE_STANDARD = gnu99;
				GCC_DYNAMIC_NO_PIC = NO;
				GCC_OPTIMIZATION_LEVEL = 0;
				GCC_PREPROCESSOR_DEFINITIONS = (
					"DEBUG=1",
					"$(inherited)",
				);
				GCC_SYMBOLS_PRIVATE_EXTERN = NO;
				GCC_WARN_64_TO_32_BIT_CONVERSION = YES;
				GCC_WARN_ABOUT_RETURN_TYPE = YES_ERROR;
				GCC_WARN_UNDECLARED_SELECTOR = YES;
				GCC_WARN_UNINITIALIZED_AUTOS = YES_AGGRESSIVE;
				GCC_WARN_UNUSED_FUNCTION = YES;
				GCC_WARN_UNUSED_VARIABLE = YES;
				MACOSX_DEPLOYMENT_TARGET = 10.10;
				MTL_ENABLE_DEBUG_INFO = YES;
				ONLY_ACTIVE_ARCH = YES;
				SDKROOT = macosx;
			};
			name = Debug;
		};
		45055EF71A71089B00E82AD5 /* Release */ = {
			isa = XCBuildConfiguration;
			buildSettings = {
				ALWAYS_SEARCH_USER_PATHS = NO;
				CLANG_CXX_LANGUAGE_STANDARD = "gnu++0x";
				CLANG_CXX_LIBRARY = "libc++";
				CLANG_ENABLE_MODULES = YES;
				CLANG_ENABLE_OBJC_ARC = YES;
				CLANG_WARN_BOOL_CONVERSION = YES;
				CLANG_WARN_CONSTANT_CONVERSION = YES;
				CLANG_WARN_DIRECT_OBJC_ISA_USAGE = YES_ERROR;
				CLANG_WARN_EMPTY_BODY = YES;
				CLANG_WARN_ENUM_CONVERSION = YES;
				CLANG_WARN_INT_CONVERSION = YES;
				CLANG_WARN_OBJC_ROOT_CLASS = YES_ERROR;
				CLANG_WARN_UNREACHABLE_CODE = YES;
				CLANG_WARN__DUPLICATE_METHOD_MATCH = YES;
				CODE_SIGN_IDENTITY = "-";
				COPY_PHASE_STRIP = YES;
				DEBUG_INFORMATION_FORMAT = "dwarf-with-dsym";
				ENABLE_NS_ASSERTIONS = NO;
				ENABLE_STRICT_OBJC_MSGSEND = YES;
				GCC_C_LANGUAGE_STANDARD = gnu99;
				GCC_WARN_64_TO_32_BIT_CONVERSION = YES;
				GCC_WARN_ABOUT_RETURN_TYPE = YES_ERROR;
				GCC_WARN_UNDECLARED_SELECTOR = YES;
				GCC_WARN_UNINITIALIZED_AUTOS = YES_AGGRESSIVE;
				GCC_WARN_UNUSED_FUNCTION = YES;
				GCC_WARN_UNUSED_VARIABLE = YES;
				MACOSX_DEPLOYMENT_TARGET = 10.10;
				MTL_ENABLE_DEBUG_INFO = NO;
				SDKROOT = macosx;
			};
			name = Release;
		};
		45055EF91A71089B00E82AD5 /* Debug */ = {
			isa = XCBuildConfiguration;
			buildSettings = {
				ASSETCATALOG_COMPILER_APPICON_NAME = AppIcon;
				COMBINE_HIDPI_IMAGES = YES;
				INFOPLIST_FILE = BoyceRSS/Info.plist;
				LD_RUNPATH_SEARCH_PATHS = "$(inherited) @executable_path/../Frameworks";
				PRODUCT_NAME = "$(TARGET_NAME)";
			};
			name = Debug;
		};
		45055EFA1A71089B00E82AD5 /* Release */ = {
			isa = XCBuildConfiguration;
			buildSettings = {
				ASSETCATALOG_COMPILER_APPICON_NAME = AppIcon;
				COMBINE_HIDPI_IMAGES = YES;
				INFOPLIST_FILE = BoyceRSS/Info.plist;
				LD_RUNPATH_SEARCH_PATHS = "$(inherited) @executable_path/../Frameworks";
				PRODUCT_NAME = "$(TARGET_NAME)";
			};
			name = Release;
		};
		45055EFC1A71089B00E82AD5 /* Debug */ = {
			isa = XCBuildConfiguration;
			buildSettings = {
				BUNDLE_LOADER = "$(TEST_HOST)";
				COMBINE_HIDPI_IMAGES = YES;
				FRAMEWORK_SEARCH_PATHS = (
					"$(DEVELOPER_FRAMEWORKS_DIR)",
					"$(inherited)",
				);
				GCC_PREPROCESSOR_DEFINITIONS = (
					"DEBUG=1",
					"$(inherited)",
				);
				INFOPLIST_FILE = BoyceRSSTests/Info.plist;
				LD_RUNPATH_SEARCH_PATHS = "$(inherited) @executable_path/../Frameworks @loader_path/../Frameworks";
				PRODUCT_NAME = "$(TARGET_NAME)";
				TEST_HOST = "$(BUILT_PRODUCTS_DIR)/BoyceRSS.app/Contents/MacOS/BoyceRSS";
			};
			name = Debug;
		};
		45055EFD1A71089B00E82AD5 /* Release */ = {
			isa = XCBuildConfiguration;
			buildSettings = {
				BUNDLE_LOADER = "$(TEST_HOST)";
				COMBINE_HIDPI_IMAGES = YES;
				FRAMEWORK_SEARCH_PATHS = (
					"$(DEVELOPER_FRAMEWORKS_DIR)",
					"$(inherited)",
				);
				INFOPLIST_FILE = BoyceRSSTests/Info.plist;
				LD_RUNPATH_SEARCH_PATHS = "$(inherited) @executable_path/../Frameworks @loader_path/../Frameworks";
				PRODUCT_NAME = "$(TARGET_NAME)";
				TEST_HOST = "$(BUILT_PRODUCTS_DIR)/BoyceRSS.app/Contents/MacOS/BoyceRSS";
			};
			name = Release;
		};
/* End XCBuildConfiguration section */

/* Begin XCConfigurationList section */
		45055ED31A71089B00E82AD5 /* Build configuration list for PBXProject "BoyceRSS" */ = {
			isa = XCConfigurationList;
			buildConfigurations = (
				45055EF61A71089B00E82AD5 /* Debug */,
				45055EF71A71089B00E82AD5 /* Release */,
			);
			defaultConfigurationIsVisible = 0;
			defaultConfigurationName = Release;
		};
		45055EF81A71089B00E82AD5 /* Build configuration list for PBXNativeTarget "BoyceRSS" */ = {
			isa = XCConfigurationList;
			buildConfigurations = (
				45055EF91A71089B00E82AD5 /* Debug */,
				45055EFA1A71089B00E82AD5 /* Release */,
			);
			defaultConfigurationIsVisible = 0;
		};
		45055EFB1A71089B00E82AD5 /* Build configuration list for PBXNativeTarget "BoyceRSSTests" */ = {
			isa = XCConfigurationList;
			buildConfigurations = (
				45055EFC1A71089B00E82AD5 /* Debug */,
				45055EFD1A71089B00E82AD5 /* Release */,
			);
			defaultConfigurationIsVisible = 0;
		};
/* End XCConfigurationList section */
	};
	rootObject = 45055ED01A71089B00E82AD5 /* Project object */;
}
